{
  "name": "sixdofone",
  "lockfileVersion": 3,
  "requires": true,
  "packages": {
    "": {
      "devDependencies": {
        "@types/webxr": "^0.5.19"
      }
    },
    "node_modules/@types/webxr": {
      "version": "0.5.19",
      "resolved": "https://registry.npmjs.org/@types/webxr/-/webxr-0.5.19.tgz",
      "integrity": "sha512-4hxA+NwohSgImdTSlPXEqDqqFktNgmTXQ05ff1uWam05tNGroCMp4G+4XVl6qWm1p7GQ/9oD41kAYsSssF6Mzw==",
      "dev": true
    }
  }
}
